
Microsoft Visual Studio Solution File, Format Version 12.00
# Visual Studio Version 17
VisualStudioVersion = 17.7.34031.279
MinimumVisualStudioVersion = 10.0.40219.1
Project("{9A19103F-16F7-4668-BE54-9A1E7A4F7556}") = "BodyMassIndex.Console", "BodyMassIndex.Console\BodyMassIndex.Console.csproj", "{8600D758-BE77-4B71-B4B1-7CBFB2D30A98}"
EndProject
Project("{9A19103F-16F7-4668-BE54-9A1E7A4F7556}") = "BodyMassIndex.UI", "BodyMassIndex.UI\BodyMassIndex.UI.csproj", "{6AFA7A1B-72E6-44DB-9C7E-80A5274F5FC1}"
EndProject
Project("{FAE04EC0-301F-11D3-BF4B-00C04F79EFBC}") = "IndiceDeMasaCorporal.Models", "IndiceDeMasaCorporal.Models\IndiceDeMasaCorporal.Models.csproj", "{D738A710-4315-4F19-BA95-E8D98C69475C}"
EndProject
Global
	GlobalSection(SolutionConfigurationPlatforms) = preSolution
		Debug|Any CPU = Debug|Any CPU
		Release|Any CPU = Release|Any CPU
	EndGlobalSection
	GlobalSection(ProjectConfigurationPlatforms) = postSolution
		{8600D758-BE77-4B71-B4B1-7CBFB2D30A98}.Debug|Any CPU.ActiveCfg = Debug|Any CPU
		{8600D758-BE77-4B71-B4B1-7CBFB2D30A98}.Debug|Any CPU.Build.0 = Debug|Any CPU
		{8600D758-BE77-4B71-B4B1-7CBFB2D30A98}.Release|Any CPU.ActiveCfg = Release|Any CPU
		{8600D758-BE77-4B71-B4B1-7CBFB2D30A98}.Release|Any CPU.Build.0 = Release|Any CPU
		{6AFA7A1B-72E6-44DB-9C7E-80A5274F5FC1}.Debug|Any CPU.ActiveCfg = Debug|Any CPU
		{6AFA7A1B-72E6-44DB-9C7E-80A5274F5FC1}.Debug|Any CPU.Build.0 = Debug|Any CPU
		{6AFA7A1B-72E6-44DB-9C7E-80A5274F5FC1}.Debug|Any CPU.Deploy.0 = Debug|Any CPU
		{6AFA7A1B-72E6-44DB-9C7E-80A5274F5FC1}.Release|Any CPU.ActiveCfg = Release|Any CPU
		{6AFA7A1B-72E6-44DB-9C7E-80A5274F5FC1}.Release|Any CPU.Build.0 = Release|Any CPU
		{6AFA7A1B-72E6-44DB-9C7E-80A5274F5FC1}.Release|Any CPU.Deploy.0 = Release|Any CPU
		{D738A710-4315-4F19-BA95-E8D98C69475C}.Debug|Any CPU.ActiveCfg = Debug|Any CPU
		{D738A710-4315-4F19-BA95-E8D98C69475C}.Debug|Any CPU.Build.0 = Debug|Any CPU
		{D738A710-4315-4F19-BA95-E8D98C69475C}.Release|Any CPU.ActiveCfg = Release|Any CPU
		{D738A710-4315-4F19-BA95-E8D98C69475C}.Release|Any CPU.Build.0 = Release|Any CPU
	EndGlobalSection
	GlobalSection(SolutionProperties) = preSolution
		HideSolutionNode = FALSE
	EndGlobalSection
	GlobalSection(ExtensibilityGlobals) = postSolution
		SolutionGuid = {E3EFB9B7-8BD4-4882-B7C8-CD1E7422982E}
	EndGlobalSection
EndGlobal
